{
	"name": "type-mcp-standalone-http-example",
	"lockfileVersion": 3,
	"requires": true,
	"packages": {
		"": {
			"name": "type-mcp-standalone-http-example",
			"dependencies": {
				"@theorvane/type-mcp": "file:../.."
			}
		},
		"../..": {
			"name": "@theorvane/type-mcp",
			"version": "0.2.0",
			"license": "MIT",
			"dependencies": {
				"@modelcontextprotocol/sdk": "1.26.0",
				"zod": "^4.4.3"
			},
			"devDependencies": {
				"@biomejs/biome": "^2.5.4",
				"@langchain/core": "1.2.3",
				"@langchain/langgraph": "1.4.8",
				"@types/node": "^22.15.3",
				"rimraf": "^6.0.1",
				"tsup": "^8.5.1",
				"typescript": "^5.8.3",
				"vitest": "^4.1.10"
			},
			"engines": {
				"node": ">=20"
			},
			"peerDependencies": {
				"@langchain/core": "^1.2.3"
			},
			"peerDependenciesMeta": {
				"@langchain/core": {
					"optional": true
				}
			}
		},
		"node_modules/@theorvane/type-mcp": {
			"resolved": "../..",
			"link": true
		}
	}
}
